<?xml version="1.0" encoding="utf-8"?>
<Project ToolsVersion="4.0" xmlns="http://schemas.microsoft.com/developer/msbuild/2003">
  <ItemGroup>
    <Filter Include="Shotgun">
      <UniqueIdentifier>{EDD293F3-59B2-128F-62CA-9D65CE2879F0}</UniqueIdentifier>
    </Filter>
  </ItemGroup>
  <ItemGroup>
    <ClInclude Include="src\Shotgun.h" />
    <ClInclude Include="src\Shotgun\Application.h">
      <Filter>Shotgun</Filter>
    </ClInclude>
    <ClInclude Include="src\Shotgun\Core.h">
      <Filter>Shotgun</Filter>
    </ClInclude>
    <ClInclude Include="src\Shotgun\EntryPoint.h">
      <Filter>Shotgun</Filter>
    </ClInclude>
    <ClInclude Include="src\Shotgun\Log.h">
      <Filter>Shotgun</Filter>
    </ClInclude>
  </ItemGroup>
  <ItemGroup>
    <ClCompile Include="src\Shotgun\Application.cpp">
      <Filter>Shotgun</Filter>
    </ClCompile>
    <ClCompile Include="src\Shotgun\Log.cpp">
      <Filter>Shotgun</Filter>
    </ClCompile>
  </ItemGroup>
</Project>