<?xml version="1.0" encoding="utf-8"?>
<Project ToolsVersion="4.0" xmlns="http://schemas.microsoft.com/developer/msbuild/2003">
  <ItemGroup>
    <Filter Include="Platform">
      <UniqueIdentifier>{2AC788B4-1694-E3BF-3FAD-D1672BD9184E}</UniqueIdentifier>
    </Filter>
    <Filter Include="Platform\Windows">
      <UniqueIdentifier>{64FBD71A-50F4-F66C-7926-DCF1657ED678}</UniqueIdentifier>
    </Filter>
    <Filter Include="Shotgun">
      <UniqueIdentifier>{EDD293F3-59B2-128F-62CA-9D65CE2879F0}</UniqueIdentifier>
    </Filter>
    <Filter Include="Shotgun\Events">
      <UniqueIdentifier>{31523B55-1D20-2F5B-06B4-9F81F2200BC0}</UniqueIdentifier>
    </Filter>
    <Filter Include="Shotgun\ImGui">
      <UniqueIdentifier>{D7055C12-43C6-D748-0C01-21C678801C25}</UniqueIdentifier>
    </Filter>
  </ItemGroup>
  <ItemGroup>
    <ClInclude Include="src\Platform\Windows\WindowsInput.h">
      <Filter>Platform\Windows</Filter>
    </ClInclude>
    <ClInclude Include="src\Platform\Windows\WindowsWindow.h">
      <Filter>Platform\Windows</Filter>
    </ClInclude>
    <ClInclude Include="src\Shotgun.h" />
    <ClInclude Include="src\Shotgun\Application.h">
      <Filter>Shotgun</Filter>
    </ClInclude>
    <ClInclude Include="src\Shotgun\Core.h">
      <Filter>Shotgun</Filter>
    </ClInclude>
    <ClInclude Include="src\Shotgun\EntryPoint.h">
      <Filter>Shotgun</Filter>
    </ClInclude>
    <ClInclude Include="src\Shotgun\Events\ApplicationEvent.h">
      <Filter>Shotgun\Events</Filter>
    </ClInclude>
    <ClInclude Include="src\Shotgun\Events\Event.h">
      <Filter>Shotgun\Events</Filter>
    </ClInclude>
    <ClInclude Include="src\Shotgun\Events\KeyEvent.h">
      <Filter>Shotgun\Events</Filter>
    </ClInclude>
    <ClInclude Include="src\Shotgun\Events\MouseEvent.h">
      <Filter>Shotgun\Events</Filter>
    </ClInclude>
    <ClInclude Include="src\Shotgun\ImGui\ImGuiLayer.h">
      <Filter>Shotgun\ImGui</Filter>
    </ClInclude>
    <ClInclude Include="src\Shotgun\Input.h">
      <Filter>Shotgun</Filter>
    </ClInclude>
    <ClInclude Include="src\Shotgun\KeyCodes.h">
      <Filter>Shotgun</Filter>
    </ClInclude>
    <ClInclude Include="src\Shotgun\Layer.h">
      <Filter>Shotgun</Filter>
    </ClInclude>
    <ClInclude Include="src\Shotgun\LayerStack.h">
      <Filter>Shotgun</Filter>
    </ClInclude>
    <ClInclude Include="src\Shotgun\Log.h">
      <Filter>Shotgun</Filter>
    </ClInclude>
    <ClInclude Include="src\Shotgun\MouseButtonCodes.h">
      <Filter>Shotgun</Filter>
    </ClInclude>
    <ClInclude Include="src\Shotgun\Window.h">
      <Filter>Shotgun</Filter>
    </ClInclude>
    <ClInclude Include="src\sgpch.h" />
  </ItemGroup>
  <ItemGroup>
    <ClCompile Include="src\Platform\Windows\WindowsInput.cpp">
      <Filter>Platform\Windows</Filter>
    </ClCompile>
    <ClCompile Include="src\Platform\Windows\WindowsWindow.cpp">
      <Filter>Platform\Windows</Filter>
    </ClCompile>
    <ClCompile Include="src\Shotgun\Application.cpp">
      <Filter>Shotgun</Filter>
    </ClCompile>
    <ClCompile Include="src\Shotgun\ImGui\ImGuiBuild.cpp">
      <Filter>Shotgun\ImGui</Filter>
    </ClCompile>
    <ClCompile Include="src\Shotgun\ImGui\ImGuiLayer.cpp">
      <Filter>Shotgun\ImGui</Filter>
    </ClCompile>
    <ClCompile Include="src\Shotgun\Layer.cpp">
      <Filter>Shotgun</Filter>
    </ClCompile>
    <ClCompile Include="src\Shotgun\LayerStack.cpp">
      <Filter>Shotgun</Filter>
    </ClCompile>
    <ClCompile Include="src\Shotgun\Log.cpp">
      <Filter>Shotgun</Filter>
    </ClCompile>
    <ClCompile Include="src\sgpch.cpp" />
  </ItemGroup>
</Project>